github.com/Luzifer/go-openssl v1.2.0 h1:vuvSxN845hEpMbNO0oGezXuxVxV6oemQgQ5QETKmOZk=
github.com/Luzifer/go-openssl v1.2.0/go.mod h1:t2qnLjT8WQ3usGU1R8uAqjY4T7CK7eMg9vhQ3l9Ue/Y=
github.com/go-redis/redis v6.15.9+incompatible h1:K0pv1D7EQUjfyoMql+r/jZqCLizCGKFlFgcHWWmHQjg=
github.com/go-redis/redis v6.15.9+incompatible/go.mod h1:NAIEuMOZ/fxfXJIrKDQDz8wamY7mA7PouImQ2Jvg6kA=
